
Microsoft Visual Studio Solution File, Format Version 12.00
# Visual Studio 2015
Project("{FAE04EC0-301F-11D3-BF4B-00C04F79EFBC}") = "JamPeassoTeam.CSharp", "JamPeassoTeam.CSharp.csproj", "{852A67B0-DFB3-49BF-F337-D2DC4F509072}"
EndProject
Project("{FAE04EC0-301F-11D3-BF4B-00C04F79EFBC}") = "JamPeassoTeam.CSharp.Editor", "JamPeassoTeam.CSharp.Editor.csproj", "{6456B17D-8802-9749-283A-7FC2E75BD95D}"
EndProject
Global
	GlobalSection(SolutionConfigurationPlatforms) = preSolution
		Debug|Any CPU = Debug|Any CPU
		Release|Any CPU = Release|Any CPU
	EndGlobalSection
	GlobalSection(ProjectConfigurationPlatforms) = postSolution
		{852A67B0-DFB3-49BF-F337-D2DC4F509072}.Debug|Any CPU.ActiveCfg = Debug|Any CPU
		{852A67B0-DFB3-49BF-F337-D2DC4F509072}.Debug|Any CPU.Build.0 = Debug|Any CPU
		{852A67B0-DFB3-49BF-F337-D2DC4F509072}.Release|Any CPU.ActiveCfg = Release|Any CPU
		{852A67B0-DFB3-49BF-F337-D2DC4F509072}.Release|Any CPU.Build.0 = Release|Any CPU
		{6456B17D-8802-9749-283A-7FC2E75BD95D}.Debug|Any CPU.ActiveCfg = Debug|Any CPU
		{6456B17D-8802-9749-283A-7FC2E75BD95D}.Debug|Any CPU.Build.0 = Debug|Any CPU
		{6456B17D-8802-9749-283A-7FC2E75BD95D}.Release|Any CPU.ActiveCfg = Release|Any CPU
		{6456B17D-8802-9749-283A-7FC2E75BD95D}.Release|Any CPU.Build.0 = Release|Any CPU
	EndGlobalSection
	GlobalSection(SolutionProperties) = preSolution
		HideSolutionNode = FALSE
	EndGlobalSection
EndGlobal
